
Microsoft Visual Studio Solution File, Format Version 12.00
# Visual Studio Version 17
VisualStudioVersion = 17.0.32014.148
MinimumVisualStudioVersion = 10.0.40219.1
Project("{FAE04EC0-301F-11D3-BF4B-00C04F79EFBC}") = "Sistema VE_.netframe", "Sistema VE_.netframe\Sistema VE_.netframe.csproj", "{BC9513D2-8D9B-4279-808A-8C02BDE999BC}"
EndProject
Global
	GlobalSection(SolutionConfigurationPlatforms) = preSolution
		Debug|Any CPU = Debug|Any CPU
		Release|Any CPU = Release|Any CPU
	EndGlobalSection
	GlobalSection(ProjectConfigurationPlatforms) = postSolution
		{BC9513D2-8D9B-4279-808A-8C02BDE999BC}.Debug|Any CPU.ActiveCfg = Debug|Any CPU
		{BC9513D2-8D9B-4279-808A-8C02BDE999BC}.Debug|Any CPU.Build.0 = Debug|Any CPU
		{BC9513D2-8D9B-4279-808A-8C02BDE999BC}.Release|Any CPU.ActiveCfg = Release|Any CPU
		{BC9513D2-8D9B-4279-808A-8C02BDE999BC}.Release|Any CPU.Build.0 = Release|Any CPU
	EndGlobalSection
	GlobalSection(SolutionProperties) = preSolution
		HideSolutionNode = FALSE
	EndGlobalSection
	GlobalSection(ExtensibilityGlobals) = postSolution
		SolutionGuid = {1B794E2E-A2C9-4C84-8D2C-BBC0ADF2619D}
	EndGlobalSection
EndGlobal
